%{
  "bunt": {:hex, :bunt, "0.1.6", "5d95a6882f73f3b9969fdfd1953798046664e6f77ec4e486e6fafc7caad97c6f", [:mix], [], "hexpm", "4fb7b2f7b04af13cf210b132f8d10db52d4a57d36cb974e8025d7fdb12ca97fc"},
  "credo": {:hex, :credo, "0.4.11", "03a64e9d53309b7132556284dda0be57ba1013885725124cfea7748d740c6170", [:mix], [{:bunt, "~> 0.1.6", [hex: :bunt, repo: "hexpm", optional: false]}], "hexpm", "b9caac82546bdc1509671a3792921d97d3c40d389ed2603e810bc7260feee5b9"},
  "dialyxir": {:hex, :dialyxir, "0.3.5", "eaba092549e044c76f83165978979f60110dc58dd5b92fd952bf2312f64e9b14", [:mix], [], "hexpm", "61e0fb45140079a2d40b4db617b3431dc9bb29dca7e5039d271eeaca733ed0c3"},
  "dogma": {:hex, :dogma, "0.1.7", "927f76a89a809db96e0983b922fc899f601352690aefa123529b8aa0c45123b2", [:mix], [{:poison, ">= 1.0.0", [hex: :poison, repo: "hexpm", optional: false]}], "hexpm", "256d10694583b0f4f00ef18a5b7cc850ed6707ffb5df25af1f0e5b4b8e16bad8"},
  "earmark": {:hex, :earmark, "0.2.1", "ba6d26ceb16106d069b289df66751734802777a3cbb6787026dd800ffeb850f3", [:mix], [], "hexpm", "c86afb8d22a5aa8315afd4257c7512011c0c9a48b0fea43af7612836b958098b"},
  "ex_doc": {:hex, :ex_doc, "0.12.0", "b774aabfede4af31c0301aece12371cbd25995a21bb3d71d66f5c2fe074c603f", [:mix], [{:earmark, "~> 0.2", [hex: :earmark, repo: "hexpm", optional: false]}], "hexpm", "76a04c6bb6876df8eae8ff8bf34fb1004bbead5172d31c9dfd71c4e3aed011b7"},
  "fs": {:hex, :fs, "0.9.2", "ed17036c26c3f70ac49781ed9220a50c36775c6ca2cf8182d123b6566e49ec59", [:rebar], [], "hexpm", "9a00246e8af58cdf465ae7c48fd6fd7ba2e43300413dfcc25447ecd3bf76f0c1"},
  "inch_ex": {:hex, :inch_ex, "0.5.3", "39f11e96181ab7edc9c508a836b33b5d9a8ec0859f56886852db3d5708889ae7", [:mix], [{:poison, "~> 1.5 or ~> 2.0", [hex: :poison, repo: "hexpm", optional: false]}], "hexpm", "148007affceb1bfcaa6d7f4f29fcd51e0f6deaca543ea88889f4535b0410bfac"},
  "mix_test_watch": {:hex, :mix_test_watch, "0.2.6", "9fcc2b1b89d1594c4a8300959c19d50da2f0ff13642c8f681692a6e507f92cab", [:mix], [{:fs, "~> 0.9.1", [hex: :fs, repo: "hexpm", optional: false]}], "hexpm", "b7019e9a0eba42bc98f15be9c1402f23c2b0dab7b67e71bba8bc5b337b0ab273"},
  "poison": {:hex, :poison, "2.2.0", "4763b69a8a77bd77d26f477d196428b741261a761257ff1cf92753a0d4d24a63", [:mix], [], "hexpm", "519bc209e4433961284174c497c8524c001e285b79bdf80212b47a1f898084cc"},
}
